{
  "originHash" : "d5b2efd5bd8967887899647f4d3f6ad67ddcc9784291c18da05d45006af54ed4",
  "pins" : [
    {
      "identity" : "swift-syntax",
      "kind" : "remoteSourceControl",
      "location" : "https://github.com/swiftlang/swift-syntax.git",
      "state" : {
        "revision" : "b90056de69eed23b3fb39ab69cf1780071dfb664",
        "version" : "604.0.0-prerelease-2026-06-05"
      }
    }
  ],
  "version" : 3
}
