// !$*UTF8*$!
{
	archiveVersion = 1;
	classes = {
	};
	objectVersion = 77;
	objects = {

/* Begin PBXBuildFile section */
		4F12FB2B2E812BD600E88FF1 /* CoreRE.xcframework in Frameworks */ = {isa = PBXBuildFile; fileRef = 4F12FB2A2E812BD600E88FF1 /* CoreRE.xcframework */; };
		4F27770E2E520A1F00867E37 /* RealitySimulationServices.xcframework in Frameworks */ = {isa = PBXBuildFile; fileRef = 4F27770D2E520A1F00867E37 /* RealitySimulationServices.xcframework */; };
		4F2777122E5247CD00867E37 /* BaseBoard.xcframework in Frameworks */ = {isa = PBXBuildFile; fileRef = 4F2777112E5247CD00867E37 /* BaseBoard.xcframework */; };
		4F4808572E4CB056004F6972 /* AttributeGraph.xcframework in Frameworks */ = {isa = PBXBuildFile; fileRef = 4F4808562E4CB056004F6972 /* AttributeGraph.xcframework */; };
		4F4808652E4CB076004F6972 /* MySwiftUI in Frameworks */ = {isa = PBXBuildFile; productRef = 4F4808642E4CB076004F6972 /* MySwiftUI */; };
		4F7A46882E728FF500BD29EF /* FeatureFlags.xcframework in Frameworks */ = {isa = PBXBuildFile; fileRef = 4F7A46872E728FF500BD29EF /* FeatureFlags.xcframework */; };
		4F7A468C2E72900000BD29EF /* StopwatchSupport.xcframework in Frameworks */ = {isa = PBXBuildFile; fileRef = 4F7A468B2E72900000BD29EF /* StopwatchSupport.xcframework */; };
		4F8F091E2E51DA7A00EFC573 /* AttributeGraph.xcframework in Frameworks */ = {isa = PBXBuildFile; fileRef = 4F4808562E4CB056004F6972 /* AttributeGraph.xcframework */; };
		4F8F09252E51DA7A00EFC573 /* _UIKitPrivate.xcframework in Frameworks */ = {isa = PBXBuildFile; fileRef = 4F8F09212E51DA7A00EFC573 /* _UIKitPrivate.xcframework */; };
		4F8F09292E51DA7A00EFC573 /* _SwiftUIPrivate.xcframework in Frameworks */ = {isa = PBXBuildFile; fileRef = 4F8F09232E51DA7A00EFC573 /* _SwiftUIPrivate.xcframework */; };
		4F8F092B2E51DA7A00EFC573 /* MRUIKit.xcframework in Frameworks */ = {isa = PBXBuildFile; fileRef = 4F8F09242E51DA7A00EFC573 /* MRUIKit.xcframework */; };
		4FACF25F2E63E3FC000CB163 /* _SwiftPrivate.xcframework in Frameworks */ = {isa = PBXBuildFile; fileRef = 4F8F09222E51DA7A00EFC573 /* _SwiftPrivate.xcframework */; };
		4FE8D0FD2E56AA8200352E55 /* _QuartzCorePrivate.xcframework in Frameworks */ = {isa = PBXBuildFile; fileRef = 4FE8D0FC2E56AA8200352E55 /* _QuartzCorePrivate.xcframework */; };
/* End PBXBuildFile section */

/* Begin PBXFileReference section */
		4F12FB2A2E812BD600E88FF1 /* CoreRE.xcframework */ = {isa = PBXFileReference; lastKnownFileType = wrapper.xcframework; name = CoreRE.xcframework; path = ../CoreRE.xcframework; sourceTree = "<group>"; };
		4F27770D2E520A1F00867E37 /* RealitySimulationServices.xcframework */ = {isa = PBXFileReference; lastKnownFileType = wrapper.xcframework; name = RealitySimulationServices.xcframework; path = ../RealitySimulationServices.xcframework; sourceTree = "<group>"; };
		4F2777112E5247CD00867E37 /* BaseBoard.xcframework */ = {isa = PBXFileReference; lastKnownFileType = wrapper.xcframework; name = BaseBoard.xcframework; path = ../BaseBoard.xcframework; sourceTree = "<group>"; };
		4F48083C2E4CAFAF004F6972 /* MyPlayground.app */ = {isa = PBXFileReference; explicitFileType = wrapper.application; includeInIndex = 0; path = MyPlayground.app; sourceTree = BUILT_PRODUCTS_DIR; };
		4F4808562E4CB056004F6972 /* AttributeGraph.xcframework */ = {isa = PBXFileReference; lastKnownFileType = wrapper.xcframework; name = AttributeGraph.xcframework; path = ../AttributeGraph.xcframework; sourceTree = "<group>"; };
		4F7A46872E728FF500BD29EF /* FeatureFlags.xcframework */ = {isa = PBXFileReference; lastKnownFileType = wrapper.xcframework; name = FeatureFlags.xcframework; path = ../FeatureFlags.xcframework; sourceTree = "<group>"; };
		4F7A468B2E72900000BD29EF /* StopwatchSupport.xcframework */ = {isa = PBXFileReference; lastKnownFileType = wrapper.xcframework; name = StopwatchSupport.xcframework; path = ../StopwatchSupport.xcframework; sourceTree = "<group>"; };
		4F8F09212E51DA7A00EFC573 /* _UIKitPrivate.xcframework */ = {isa = PBXFileReference; lastKnownFileType = wrapper.xcframework; name = _UIKitPrivate.xcframework; path = ../_UIKitPrivate.xcframework; sourceTree = "<group>"; };
		4F8F09222E51DA7A00EFC573 /* _SwiftPrivate.xcframework */ = {isa = PBXFileReference; lastKnownFileType = wrapper.xcframework; name = _SwiftPrivate.xcframework; path = ../_SwiftPrivate.xcframework; sourceTree = "<group>"; };
		4F8F09232E51DA7A00EFC573 /* _SwiftUIPrivate.xcframework */ = {isa = PBXFileReference; lastKnownFileType = wrapper.xcframework; name = _SwiftUIPrivate.xcframework; path = ../_SwiftUIPrivate.xcframework; sourceTree = "<group>"; };
		4F8F09242E51DA7A00EFC573 /* MRUIKit.xcframework */ = {isa = PBXFileReference; lastKnownFileType = wrapper.xcframework; name = MRUIKit.xcframework; path = ../MRUIKit.xcframework; sourceTree = "<group>"; };
		4FE8D0FC2E56AA8200352E55 /* _QuartzCorePrivate.xcframework */ = {isa = PBXFileReference; lastKnownFileType = wrapper.xcframework; name = _QuartzCorePrivate.xcframework; path = ../_QuartzCorePrivate.xcframework; sourceTree = "<group>"; };
/* End PBXFileReference section */

/* Begin PBXFileSystemSynchronizedBuildFileExceptionSet section */
		4F48084E2E4CAFAF004F6972 /* Exceptions for "MyPlayground" folder in "MyPlayground" target */ = {
			isa = PBXFileSystemSynchronizedBuildFileExceptionSet;
			membershipExceptions = (
				Info.plist,
			);
			target = 4F48083B2E4CAFAF004F6972 /* MyPlayground */;
		};
/* End PBXFileSystemSynchronizedBuildFileExceptionSet section */

/* Begin PBXFileSystemSynchronizedRootGroup section */
		4F48083E2E4CAFAF004F6972 /* MyPlayground */ = {
			isa = PBXFileSystemSynchronizedRootGroup;
			exceptions = (
				4F48084E2E4CAFAF004F6972 /* Exceptions for "MyPlayground" folder in "MyPlayground" target */,
			);
			path = MyPlayground;
			sourceTree = "<group>";
		};
/* End PBXFileSystemSynchronizedRootGroup section */

/* Begin PBXFrameworksBuildPhase section */
		4F4808392E4CAFAF004F6972 /* Frameworks */ = {
			isa = PBXFrameworksBuildPhase;
			buildActionMask = 2147483647;
			files = (
				4F8F092B2E51DA7A00EFC573 /* MRUIKit.xcframework in Frameworks */,
				4F8F09292E51DA7A00EFC573 /* _SwiftUIPrivate.xcframework in Frameworks */,
				4F2777122E5247CD00867E37 /* BaseBoard.xcframework in Frameworks */,
				4F12FB2B2E812BD600E88FF1 /* CoreRE.xcframework in Frameworks */,
				4F8F09252E51DA7A00EFC573 /* _UIKitPrivate.xcframework in Frameworks */,
				4FACF25F2E63E3FC000CB163 /* _SwiftPrivate.xcframework in Frameworks */,
				4F7A468C2E72900000BD29EF /* StopwatchSupport.xcframework in Frameworks */,
				4FE8D0FD2E56AA8200352E55 /* _QuartzCorePrivate.xcframework in Frameworks */,
				4F4808652E4CB076004F6972 /* MySwiftUI in Frameworks */,
				4F7A46882E728FF500BD29EF /* FeatureFlags.xcframework in Frameworks */,
				4F8F091E2E51DA7A00EFC573 /* AttributeGraph.xcframework in Frameworks */,
				4F4808572E4CB056004F6972 /* AttributeGraph.xcframework in Frameworks */,
				4F27770E2E520A1F00867E37 /* RealitySimulationServices.xcframework in Frameworks */,
			);
			runOnlyForDeploymentPostprocessing = 0;
		};
/* End PBXFrameworksBuildPhase section */

/* Begin PBXGroup section */
		4F4808332E4CAFAF004F6972 = {
			isa = PBXGroup;
			children = (
				4F48083E2E4CAFAF004F6972 /* MyPlayground */,
				4F4808552E4CB056004F6972 /* Frameworks */,
				4F48083D2E4CAFAF004F6972 /* Products */,
			);
			sourceTree = "<group>";
		};
		4F48083D2E4CAFAF004F6972 /* Products */ = {
			isa = PBXGroup;
			children = (
				4F48083C2E4CAFAF004F6972 /* MyPlayground.app */,
			);
			name = Products;
			sourceTree = "<group>";
		};
		4F4808552E4CB056004F6972 /* Frameworks */ = {
			isa = PBXGroup;
			children = (
				4F12FB2A2E812BD600E88FF1 /* CoreRE.xcframework */,
				4F7A468B2E72900000BD29EF /* StopwatchSupport.xcframework */,
				4F7A46872E728FF500BD29EF /* FeatureFlags.xcframework */,
				4FE8D0FC2E56AA8200352E55 /* _QuartzCorePrivate.xcframework */,
				4F2777112E5247CD00867E37 /* BaseBoard.xcframework */,
				4F27770D2E520A1F00867E37 /* RealitySimulationServices.xcframework */,
				4F8F09222E51DA7A00EFC573 /* _SwiftPrivate.xcframework */,
				4F8F09232E51DA7A00EFC573 /* _SwiftUIPrivate.xcframework */,
				4F8F09212E51DA7A00EFC573 /* _UIKitPrivate.xcframework */,
				4F8F09242E51DA7A00EFC573 /* MRUIKit.xcframework */,
				4F4808562E4CB056004F6972 /* AttributeGraph.xcframework */,
			);
			name = Frameworks;
			sourceTree = "<group>";
		};
/* End PBXGroup section */

/* Begin PBXNativeTarget section */
		4F48083B2E4CAFAF004F6972 /* MyPlayground */ = {
			isa = PBXNativeTarget;
			buildConfigurationList = 4F48084F2E4CAFAF004F6972 /* Build configuration list for PBXNativeTarget "MyPlayground" */;
			buildPhases = (
				4F4808382E4CAFAF004F6972 /* Sources */,
				4F4808392E4CAFAF004F6972 /* Frameworks */,
				4F48083A2E4CAFAF004F6972 /* Resources */,
			);
			buildRules = (
			);
			dependencies = (
			);
			fileSystemSynchronizedGroups = (
				4F48083E2E4CAFAF004F6972 /* MyPlayground */,
			);
			name = MyPlayground;
			packageProductDependencies = (
				4F4808642E4CB076004F6972 /* MySwiftUI */,
			);
			productName = MyPlayground;
			productReference = 4F48083C2E4CAFAF004F6972 /* MyPlayground.app */;
			productType = "com.apple.product-type.application";
		};
/* End PBXNativeTarget section */

/* Begin PBXProject section */
		4F4808342E4CAFAF004F6972 /* Project object */ = {
			isa = PBXProject;
			attributes = {
				BuildIndependentTargetsInParallel = 1;
				LastSwiftUpdateCheck = 2600;
				LastUpgradeCheck = 2600;
				TargetAttributes = {
					4F48083B2E4CAFAF004F6972 = {
						CreatedOnToolsVersion = 26.0;
					};
				};
			};
			buildConfigurationList = 4F4808372E4CAFAF004F6972 /* Build configuration list for PBXProject "MyPlayground" */;
			developmentRegion = en;
			hasScannedForEncodings = 0;
			knownRegions = (
				en,
				Base,
			);
			mainGroup = 4F4808332E4CAFAF004F6972;
			minimizedProjectReferenceProxies = 1;
			packageReferences = (
				4F4808542E4CB03E004F6972 /* XCLocalSwiftPackageReference "../../MySwiftUI" */,
			);
			preferredProjectObjectVersion = 77;
			productRefGroup = 4F48083D2E4CAFAF004F6972 /* Products */;
			projectDirPath = "";
			projectRoot = "";
			targets = (
				4F48083B2E4CAFAF004F6972 /* MyPlayground */,
			);
		};
/* End PBXProject section */

/* Begin PBXResourcesBuildPhase section */
		4F48083A2E4CAFAF004F6972 /* Resources */ = {
			isa = PBXResourcesBuildPhase;
			buildActionMask = 2147483647;
			files = (
			);
			runOnlyForDeploymentPostprocessing = 0;
		};
/* End PBXResourcesBuildPhase section */

/* Begin PBXSourcesBuildPhase section */
		4F4808382E4CAFAF004F6972 /* Sources */ = {
			isa = PBXSourcesBuildPhase;
			buildActionMask = 2147483647;
			files = (
			);
			runOnlyForDeploymentPostprocessing = 0;
		};
/* End PBXSourcesBuildPhase section */

/* Begin XCBuildConfiguration section */
		4F4808502E4CAFAF004F6972 /* Debug */ = {
			isa = XCBuildConfiguration;
			buildSettings = {
				ASSETCATALOG_COMPILER_APPICON_NAME = AppIcon;
				ASSETCATALOG_COMPILER_GLOBAL_ACCENT_COLOR_NAME = AccentColor;
				CLANG_ENABLE_OBJC_ARC = NO;
				CODE_SIGN_STYLE = Automatic;
				CURRENT_PROJECT_VERSION = 1;
				DEVELOPMENT_TEAM = P53D29U9LJ;
				GENERATE_INFOPLIST_FILE = YES;
				INFOPLIST_FILE = MyPlayground/Info.plist;
				INFOPLIST_KEY_UIApplicationSupportsIndirectInputEvents = YES;
				INFOPLIST_KEY_UILaunchStoryboardName = LaunchScreen;
				INFOPLIST_KEY_UISupportedInterfaceOrientations_iPad = "UIInterfaceOrientationPortrait UIInterfaceOrientationPortraitUpsideDown UIInterfaceOrientationLandscapeLeft UIInterfaceOrientationLandscapeRight";
				INFOPLIST_KEY_UISupportedInterfaceOrientations_iPhone = "UIInterfaceOrientationPortrait UIInterfaceOrientationLandscapeLeft UIInterfaceOrientationLandscapeRight";
				LD_RUNPATH_SEARCH_PATHS = (
					"$(inherited)",
					"@executable_path/Frameworks",
				);
				MARKETING_VERSION = 1.0;
				PRODUCT_BUNDLE_IDENTIFIER = com.pookjw.MyPlayground;
				PRODUCT_NAME = "$(TARGET_NAME)";
				STRING_CATALOG_GENERATE_SYMBOLS = YES;
				SUPPORTED_PLATFORMS = "xros xrsimulator";
				SUPPORTS_MACCATALYST = NO;
				SUPPORTS_MAC_DESIGNED_FOR_IPHONE_IPAD = NO;
				SUPPORTS_XR_DESIGNED_FOR_IPHONE_IPAD = NO;
				SWIFT_APPROACHABLE_CONCURRENCY = YES;
				SWIFT_DEFAULT_ACTOR_ISOLATION = MainActor;
				SWIFT_EMIT_LOC_STRINGS = YES;
				SWIFT_UPCOMING_FEATURE_MEMBER_IMPORT_VISIBILITY = YES;
				SWIFT_VERSION = 5.0;
				TARGETED_DEVICE_FAMILY = 7;
				XROS_DEPLOYMENT_TARGET = 26.1;
			};
			name = Debug;
		};
		4F4808512E4CAFAF004F6972 /* Release */ = {
			isa = XCBuildConfiguration;
			buildSettings = {
				ASSETCATALOG_COMPILER_APPICON_NAME = AppIcon;
				ASSETCATALOG_COMPILER_GLOBAL_ACCENT_COLOR_NAME = AccentColor;
				CLANG_ENABLE_OBJC_ARC = NO;
				CODE_SIGN_STYLE = Automatic;
				CURRENT_PROJECT_VERSION = 1;
				DEVELOPMENT_TEAM = P53D29U9LJ;
				GENERATE_INFOPLIST_FILE = YES;
				INFOPLIST_FILE = MyPlayground/Info.plist;
				INFOPLIST_KEY_UIApplicationSupportsIndirectInputEvents = YES;
				INFOPLIST_KEY_UILaunchStoryboardName = LaunchScreen;
				INFOPLIST_KEY_UISupportedInterfaceOrientations_iPad = "UIInterfaceOrientationPortrait UIInterfaceOrientationPortraitUpsideDown UIInterfaceOrientationLandscapeLeft UIInterfaceOrientationLandscapeRight";
				INFOPLIST_KEY_UISupportedInterfaceOrientations_iPhone = "UIInterfaceOrientationPortrait UIInterfaceOrientationLandscapeLeft UIInterfaceOrientationLandscapeRight";
				LD_RUNPATH_SEARCH_PATHS = (
					"$(inherited)",
					"@executable_path/Frameworks",
				);
				MARKETING_VERSION = 1.0;
				PRODUCT_BUNDLE_IDENTIFIER = com.pookjw.MyPlayground;
				PRODUCT_NAME = "$(TARGET_NAME)";
				STRING_CATALOG_GENERATE_SYMBOLS = YES;
				SUPPORTED_PLATFORMS = "xros xrsimulator";
				SUPPORTS_MACCATALYST = NO;
				SUPPORTS_MAC_DESIGNED_FOR_IPHONE_IPAD = NO;
				SUPPORTS_XR_DESIGNED_FOR_IPHONE_IPAD = NO;
				SWIFT_APPROACHABLE_CONCURRENCY = YES;
				SWIFT_DEFAULT_ACTOR_ISOLATION = MainActor;
				SWIFT_EMIT_LOC_STRINGS = YES;
				SWIFT_UPCOMING_FEATURE_MEMBER_IMPORT_VISIBILITY = YES;
				SWIFT_VERSION = 5.0;
				TARGETED_DEVICE_FAMILY = 7;
				XROS_DEPLOYMENT_TARGET = 26.1;
			};
			name = Release;
		};
		4F4808522E4CAFAF004F6972 /* Debug */ = {
			isa = XCBuildConfiguration;
			buildSettings = {
				ALWAYS_SEARCH_USER_PATHS = NO;
				ASSETCATALOG_COMPILER_GENERATE_SWIFT_ASSET_SYMBOL_EXTENSIONS = YES;
				CLANG_ANALYZER_NONNULL = YES;
				CLANG_ANALYZER_NUMBER_OBJECT_CONVERSION = YES_AGGRESSIVE;
				CLANG_CXX_LANGUAGE_STANDARD = "gnu++20";
				CLANG_ENABLE_MODULES = YES;
				CLANG_ENABLE_OBJC_ARC = YES;
				CLANG_ENABLE_OBJC_WEAK = YES;
				CLANG_WARN_BLOCK_CAPTURE_AUTORELEASING = YES;
				CLANG_WARN_BOOL_CONVERSION = YES;
				CLANG_WARN_COMMA = YES;
				CLANG_WARN_CONSTANT_CONVERSION = YES;
				CLANG_WARN_DEPRECATED_OBJC_IMPLEMENTATIONS = YES;
				CLANG_WARN_DIRECT_OBJC_ISA_USAGE = YES_ERROR;
				CLANG_WARN_DOCUMENTATION_COMMENTS = YES;
				CLANG_WARN_EMPTY_BODY = YES;
				CLANG_WARN_ENUM_CONVERSION = YES;
				CLANG_WARN_INFINITE_RECURSION = YES;
				CLANG_WARN_INT_CONVERSION = YES;
				CLANG_WARN_NON_LITERAL_NULL_CONVERSION = YES;
				CLANG_WARN_OBJC_IMPLICIT_RETAIN_SELF = YES;
				CLANG_WARN_OBJC_LITERAL_CONVERSION = YES;
				CLANG_WARN_OBJC_ROOT_CLASS = YES_ERROR;
				CLANG_WARN_QUOTED_INCLUDE_IN_FRAMEWORK_HEADER = YES;
				CLANG_WARN_RANGE_LOOP_ANALYSIS = YES;
				CLANG_WARN_STRICT_PROTOTYPES = YES;
				CLANG_WARN_SUSPICIOUS_MOVE = YES;
				CLANG_WARN_UNGUARDED_AVAILABILITY = YES_AGGRESSIVE;
				CLANG_WARN_UNREACHABLE_CODE = YES;
				CLANG_WARN__DUPLICATE_METHOD_MATCH = YES;
				COPY_PHASE_STRIP = NO;
				DEBUG_INFORMATION_FORMAT = dwarf;
				DEVELOPMENT_TEAM = P53D29U9LJ;
				ENABLE_STRICT_OBJC_MSGSEND = YES;
				ENABLE_TESTABILITY = YES;
				ENABLE_USER_SCRIPT_SANDBOXING = YES;
				GCC_C_LANGUAGE_STANDARD = gnu17;
				GCC_DYNAMIC_NO_PIC = NO;
				GCC_NO_COMMON_BLOCKS = YES;
				GCC_OPTIMIZATION_LEVEL = 0;
				GCC_PREPROCESSOR_DEFINITIONS = (
					"DEBUG=1",
					"$(inherited)",
				);
				GCC_WARN_64_TO_32_BIT_CONVERSION = YES;
				GCC_WARN_ABOUT_RETURN_TYPE = YES_ERROR;
				GCC_WARN_UNDECLARED_SELECTOR = YES;
				GCC_WARN_UNINITIALIZED_AUTOS = YES_AGGRESSIVE;
				GCC_WARN_UNUSED_FUNCTION = YES;
				GCC_WARN_UNUSED_VARIABLE = YES;
				IPHONEOS_DEPLOYMENT_TARGET = 26.0;
				LOCALIZATION_PREFERS_STRING_CATALOGS = YES;
				MTL_ENABLE_DEBUG_INFO = INCLUDE_SOURCE;
				MTL_FAST_MATH = YES;
				ONLY_ACTIVE_ARCH = YES;
				SDKROOT = iphoneos;
				SWIFT_ACTIVE_COMPILATION_CONDITIONS = "DEBUG $(inherited)";
				SWIFT_OPTIMIZATION_LEVEL = "-Onone";
			};
			name = Debug;
		};
		4F4808532E4CAFAF004F6972 /* Release */ = {
			isa = XCBuildConfiguration;
			buildSettings = {
				ALWAYS_SEARCH_USER_PATHS = NO;
				ASSETCATALOG_COMPILER_GENERATE_SWIFT_ASSET_SYMBOL_EXTENSIONS = YES;
				CLANG_ANALYZER_NONNULL = YES;
				CLANG_ANALYZER_NUMBER_OBJECT_CONVERSION = YES_AGGRESSIVE;
				CLANG_CXX_LANGUAGE_STANDARD = "gnu++20";
				CLANG_ENABLE_MODULES = YES;
				CLANG_ENABLE_OBJC_ARC = YES;
				CLANG_ENABLE_OBJC_WEAK = YES;
				CLANG_WARN_BLOCK_CAPTURE_AUTORELEASING = YES;
				CLANG_WARN_BOOL_CONVERSION = YES;
				CLANG_WARN_COMMA = YES;
				CLANG_WARN_CONSTANT_CONVERSION = YES;
				CLANG_WARN_DEPRECATED_OBJC_IMPLEMENTATIONS = YES;
				CLANG_WARN_DIRECT_OBJC_ISA_USAGE = YES_ERROR;
				CLANG_WARN_DOCUMENTATION_COMMENTS = YES;
				CLANG_WARN_EMPTY_BODY = YES;
				CLANG_WARN_ENUM_CONVERSION = YES;
				CLANG_WARN_INFINITE_RECURSION = YES;
				CLANG_WARN_INT_CONVERSION = YES;
				CLANG_WARN_NON_LITERAL_NULL_CONVERSION = YES;
				CLANG_WARN_OBJC_IMPLICIT_RETAIN_SELF = YES;
				CLANG_WARN_OBJC_LITERAL_CONVERSION = YES;
				CLANG_WARN_OBJC_ROOT_CLASS = YES_ERROR;
				CLANG_WARN_QUOTED_INCLUDE_IN_FRAMEWORK_HEADER = YES;
				CLANG_WARN_RANGE_LOOP_ANALYSIS = YES;
				CLANG_WARN_STRICT_PROTOTYPES = YES;
				CLANG_WARN_SUSPICIOUS_MOVE = YES;
				CLANG_WARN_UNGUARDED_AVAILABILITY = YES_AGGRESSIVE;
				CLANG_WARN_UNREACHABLE_CODE = YES;
				CLANG_WARN__DUPLICATE_METHOD_MATCH = YES;
				COPY_PHASE_STRIP = NO;
				DEBUG_INFORMATION_FORMAT = "dwarf-with-dsym";
				DEVELOPMENT_TEAM = P53D29U9LJ;
				ENABLE_NS_ASSERTIONS = NO;
				ENABLE_STRICT_OBJC_MSGSEND = YES;
				ENABLE_USER_SCRIPT_SANDBOXING = YES;
				GCC_C_LANGUAGE_STANDARD = gnu17;
				GCC_NO_COMMON_BLOCKS = YES;
				GCC_WARN_64_TO_32_BIT_CONVERSION = YES;
				GCC_WARN_ABOUT_RETURN_TYPE = YES_ERROR;
				GCC_WARN_UNDECLARED_SELECTOR = YES;
				GCC_WARN_UNINITIALIZED_AUTOS = YES_AGGRESSIVE;
				GCC_WARN_UNUSED_FUNCTION = YES;
				GCC_WARN_UNUSED_VARIABLE = YES;
				IPHONEOS_DEPLOYMENT_TARGET = 26.0;
				LOCALIZATION_PREFERS_STRING_CATALOGS = YES;
				MTL_ENABLE_DEBUG_INFO = NO;
				MTL_FAST_MATH = YES;
				SDKROOT = iphoneos;
				SWIFT_COMPILATION_MODE = wholemodule;
				VALIDATE_PRODUCT = YES;
			};
			name = Release;
		};
/* End XCBuildConfiguration section */

/* Begin XCConfigurationList section */
		4F4808372E4CAFAF004F6972 /* Build configuration list for PBXProject "MyPlayground" */ = {
			isa = XCConfigurationList;
			buildConfigurations = (
				4F4808522E4CAFAF004F6972 /* Debug */,
				4F4808532E4CAFAF004F6972 /* Release */,
			);
			defaultConfigurationIsVisible = 0;
			defaultConfigurationName = Release;
		};
		4F48084F2E4CAFAF004F6972 /* Build configuration list for PBXNativeTarget "MyPlayground" */ = {
			isa = XCConfigurationList;
			buildConfigurations = (
				4F4808502E4CAFAF004F6972 /* Debug */,
				4F4808512E4CAFAF004F6972 /* Release */,
			);
			defaultConfigurationIsVisible = 0;
			defaultConfigurationName = Release;
		};
/* End XCConfigurationList section */

/* Begin XCLocalSwiftPackageReference section */
		4F4808542E4CB03E004F6972 /* XCLocalSwiftPackageReference "../../MySwiftUI" */ = {
			isa = XCLocalSwiftPackageReference;
			relativePath = ../../MySwiftUI;
		};
/* End XCLocalSwiftPackageReference section */

/* Begin XCSwiftPackageProductDependency section */
		4F4808642E4CB076004F6972 /* MySwiftUI */ = {
			isa = XCSwiftPackageProductDependency;
			package = 4F4808542E4CB03E004F6972 /* XCLocalSwiftPackageReference "../../MySwiftUI" */;
			productName = MySwiftUI;
		};
/* End XCSwiftPackageProductDependency section */
	};
	rootObject = 4F4808342E4CAFAF004F6972 /* Project object */;
}
