{
  "originHash" : "491eb02cec4a429dc5343c9edd0f2da1dd0f69c108892a12716aabd87858e608",
  "pins" : [
    {
      "identity" : "swift-syntax",
      "kind" : "remoteSourceControl",
      "location" : "https://github.com/swiftlang/swift-syntax.git",
      "state" : {
        "revision" : "b90056de69eed23b3fb39ab69cf1780071dfb664",
        "version" : "604.0.0-prerelease-2026-06-05"
      }
    }
  ],
  "version" : 3
}
